
Microsoft Visual Studio Solution File, Format Version 12.00
# Visual Studio Version 16
VisualStudioVersion = 16.0.29613.14
MinimumVisualStudioVersion = 10.0.40219.1
Project("{FAE04EC0-301F-11D3-BF4B-00C04F79EFBC}") = "Aspprogram", "Aspprogram.csproj", "{8F51A734-6553-40AD-93CC-9C84A83EB966}"
EndProject
Global
	GlobalSection(SolutionConfigurationPlatforms) = preSolution
		Debug|Any CPU = Debug|Any CPU
		Release|Any CPU = Release|Any CPU
	EndGlobalSection
	GlobalSection(ProjectConfigurationPlatforms) = postSolution
		{8F51A734-6553-40AD-93CC-9C84A83EB966}.Debug|Any CPU.ActiveCfg = Debug|Any CPU
		{8F51A734-6553-40AD-93CC-9C84A83EB966}.Debug|Any CPU.Build.0 = Debug|Any CPU
		{8F51A734-6553-40AD-93CC-9C84A83EB966}.Release|Any CPU.ActiveCfg = Release|Any CPU
		{8F51A734-6553-40AD-93CC-9C84A83EB966}.Release|Any CPU.Build.0 = Release|Any CPU
	EndGlobalSection
	GlobalSection(SolutionProperties) = preSolution
		HideSolutionNode = FALSE
	EndGlobalSection
	GlobalSection(ExtensibilityGlobals) = postSolution
		SolutionGuid = {8D9F33FC-E87E-4B3C-9E43-1B5071BC2963}
	EndGlobalSection
EndGlobal
