
Microsoft Visual Studio Solution File, Format Version 12.00
# Visual Studio Version 16
VisualStudioVersion = 16.0.29613.14
MinimumVisualStudioVersion = 10.0.40219.1
Project("{FAE04EC0-301F-11D3-BF4B-00C04F79EFBC}") = "ASPWeb", "ASPWeb.csproj", "{7163AEA3-AB9D-483F-98D5-71D745D5165B}"
EndProject
Global
	GlobalSection(SolutionConfigurationPlatforms) = preSolution
		Debug|Any CPU = Debug|Any CPU
		Release|Any CPU = Release|Any CPU
	EndGlobalSection
	GlobalSection(ProjectConfigurationPlatforms) = postSolution
		{7163AEA3-AB9D-483F-98D5-71D745D5165B}.Debug|Any CPU.ActiveCfg = Debug|Any CPU
		{7163AEA3-AB9D-483F-98D5-71D745D5165B}.Debug|Any CPU.Build.0 = Debug|Any CPU
		{7163AEA3-AB9D-483F-98D5-71D745D5165B}.Release|Any CPU.ActiveCfg = Release|Any CPU
		{7163AEA3-AB9D-483F-98D5-71D745D5165B}.Release|Any CPU.Build.0 = Release|Any CPU
	EndGlobalSection
	GlobalSection(SolutionProperties) = preSolution
		HideSolutionNode = FALSE
	EndGlobalSection
	GlobalSection(ExtensibilityGlobals) = postSolution
		SolutionGuid = {97A4A99F-D8B4-4BC6-88DA-621A5B278102}
	EndGlobalSection
EndGlobal
